
Microsoft Visual Studio Solution File, Format Version 12.00
# Visual Studio Version 16
VisualStudioVersion = 16.0.29324.140
MinimumVisualStudioVersion = 10.0.40219.1
Project("{FAE04EC0-301F-11D3-BF4B-00C04F79EFBC}") = "TwitchVote", "TwitchVote\TwitchVote.csproj", "{79CBA234-DCC7-443A-890B-4C717CE09267}"
EndProject
Global
	GlobalSection(SolutionConfigurationPlatforms) = preSolution
		Debug|Any CPU = Debug|Any CPU
		Release|Any CPU = Release|Any CPU
	EndGlobalSection
	GlobalSection(ProjectConfigurationPlatforms) = postSolution
		{79CBA234-DCC7-443A-890B-4C717CE09267}.Debug|Any CPU.ActiveCfg = Debug|Any CPU
		{79CBA234-DCC7-443A-890B-4C717CE09267}.Debug|Any CPU.Build.0 = Debug|Any CPU
		{79CBA234-DCC7-443A-890B-4C717CE09267}.Release|Any CPU.ActiveCfg = Release|Any CPU
		{79CBA234-DCC7-443A-890B-4C717CE09267}.Release|Any CPU.Build.0 = Release|Any CPU
	EndGlobalSection
	GlobalSection(SolutionProperties) = preSolution
		HideSolutionNode = FALSE
	EndGlobalSection
	GlobalSection(ExtensibilityGlobals) = postSolution
		SolutionGuid = {7976A671-2BCD-48D1-8925-0C725CD2A13D}
	EndGlobalSection
EndGlobal
